
Microsoft Visual Studio Solution File, Format Version 12.00
# Visual Studio Version 17
VisualStudioVersion = 17.4.33122.133
MinimumVisualStudioVersion = 10.0.40219.1
Project("{FAE04EC0-301F-11D3-BF4B-00C04F79EFBC}") = "Calculo do percentual de faturamento anual", "Calculo do percentual de faturamento anual\Calculo do percentual de faturamento anual.csproj", "{23F3C0F4-2E66-404E-BF15-4A38531F730B}"
EndProject
Global
	GlobalSection(SolutionConfigurationPlatforms) = preSolution
		Debug|Any CPU = Debug|Any CPU
		Release|Any CPU = Release|Any CPU
	EndGlobalSection
	GlobalSection(ProjectConfigurationPlatforms) = postSolution
		{23F3C0F4-2E66-404E-BF15-4A38531F730B}.Debug|Any CPU.ActiveCfg = Debug|Any CPU
		{23F3C0F4-2E66-404E-BF15-4A38531F730B}.Debug|Any CPU.Build.0 = Debug|Any CPU
		{23F3C0F4-2E66-404E-BF15-4A38531F730B}.Release|Any CPU.ActiveCfg = Release|Any CPU
		{23F3C0F4-2E66-404E-BF15-4A38531F730B}.Release|Any CPU.Build.0 = Release|Any CPU
	EndGlobalSection
	GlobalSection(SolutionProperties) = preSolution
		HideSolutionNode = FALSE
	EndGlobalSection
	GlobalSection(ExtensibilityGlobals) = postSolution
		SolutionGuid = {AA3FC6DA-2C7A-4EF4-9E77-A8CE5FF57A8E}
	EndGlobalSection
EndGlobal
